// !$*UTF8*$!
{
	archiveVersion = 1;
	classes = {
	};
	objectVersion = 55;
	objects = {

/* Begin PBXBuildFile section */
		2A5790A8285F8F5600BF69DC /* APIClient.swift in Sources */ = {isa = PBXBuildFile; fileRef = 2A5790A7285F8F5600BF69DC /* APIClient.swift */; };
		2A5790AB285F972800BF69DC /* Environment.swift in Sources */ = {isa = PBXBuildFile; fileRef = 2A5790AA285F972800BF69DC /* Environment.swift */; };
		2A5790AE285F990300BF69DC /* Services.swift in Sources */ = {isa = PBXBuildFile; fileRef = 2A5790AD285F990300BF69DC /* Services.swift */; };
		2A5790B0285F9DC800BF69DC /* NetworkResponse.swift in Sources */ = {isa = PBXBuildFile; fileRef = 2A5790AF285F9DC800BF69DC /* NetworkResponse.swift */; };
		2A5790B2285F9F3E00BF69DC /* AddressesResponse.swift in Sources */ = {isa = PBXBuildFile; fileRef = 2A5790B1285F9F3E00BF69DC /* AddressesResponse.swift */; };
		2ACC718C285E12CA00A69EFF /* AppDelegate.swift in Sources */ = {isa = PBXBuildFile; fileRef = 2ACC718B285E12CA00A69EFF /* AppDelegate.swift */; };
		2ACC718E285E12CA00A69EFF /* SceneDelegate.swift in Sources */ = {isa = PBXBuildFile; fileRef = 2ACC718D285E12CA00A69EFF /* SceneDelegate.swift */; };
		2ACC7190285E12CB00A69EFF /* ViewController.swift in Sources */ = {isa = PBXBuildFile; fileRef = 2ACC718F285E12CB00A69EFF /* ViewController.swift */; };
		2ACC7193285E12CB00A69EFF /* Main.storyboard in Resources */ = {isa = PBXBuildFile; fileRef = 2ACC7191285E12CB00A69EFF /* Main.storyboard */; };
		2ACC7195285E12CE00A69EFF /* Assets.xcassets in Resources */ = {isa = PBXBuildFile; fileRef = 2ACC7194285E12CE00A69EFF /* Assets.xcassets */; };
		2ACC7198285E12CE00A69EFF /* LaunchScreen.storyboard in Resources */ = {isa = PBXBuildFile; fileRef = 2ACC7196285E12CE00A69EFF /* LaunchScreen.storyboard */; };
		2ACC71A4285E2E6100A69EFF /* EndPoint.swift in Sources */ = {isa = PBXBuildFile; fileRef = 2ACC71A3285E2E6100A69EFF /* EndPoint.swift */; };
		2AD8B8182860CCEE0053059F /* AddressesViewModel.swift in Sources */ = {isa = PBXBuildFile; fileRef = 2AD8B8172860CCEE0053059F /* AddressesViewModel.swift */; };
		8D2422614675854C6D3A542C /* Pods_REST.framework in Frameworks */ = {isa = PBXBuildFile; fileRef = F5012BE2A5D6F43DC61C4C58 /* Pods_REST.framework */; };
/* End PBXBuildFile section */

/* Begin PBXFileReference section */
		05BC1DCD246AAE441046E028 /* Pods-REST.release.xcconfig */ = {isa = PBXFileReference; includeInIndex = 1; lastKnownFileType = text.xcconfig; name = "Pods-REST.release.xcconfig"; path = "Target Support Files/Pods-REST/Pods-REST.release.xcconfig"; sourceTree = "<group>"; };
		2A5790A7285F8F5600BF69DC /* APIClient.swift */ = {isa = PBXFileReference; lastKnownFileType = sourcecode.swift; path = APIClient.swift; sourceTree = "<group>"; };
		2A5790AA285F972800BF69DC /* Environment.swift */ = {isa = PBXFileReference; lastKnownFileType = sourcecode.swift; path = Environment.swift; sourceTree = "<group>"; };
		2A5790AD285F990300BF69DC /* Services.swift */ = {isa = PBXFileReference; lastKnownFileType = sourcecode.swift; path = Services.swift; sourceTree = "<group>"; };
		2A5790AF285F9DC800BF69DC /* NetworkResponse.swift */ = {isa = PBXFileReference; lastKnownFileType = sourcecode.swift; path = NetworkResponse.swift; sourceTree = "<group>"; };
		2A5790B1285F9F3E00BF69DC /* AddressesResponse.swift */ = {isa = PBXFileReference; lastKnownFileType = sourcecode.swift; path = AddressesResponse.swift; sourceTree = "<group>"; };
		2ACC7188285E12CA00A69EFF /* REST.app */ = {isa = PBXFileReference; explicitFileType = wrapper.application; includeInIndex = 0; path = REST.app; sourceTree = BUILT_PRODUCTS_DIR; };
		2ACC718B285E12CA00A69EFF /* AppDelegate.swift */ = {isa = PBXFileReference; lastKnownFileType = sourcecode.swift; path = AppDelegate.swift; sourceTree = "<group>"; };
		2ACC718D285E12CA00A69EFF /* SceneDelegate.swift */ = {isa = PBXFileReference; lastKnownFileType = sourcecode.swift; path = SceneDelegate.swift; sourceTree = "<group>"; };
		2ACC718F285E12CB00A69EFF /* ViewController.swift */ = {isa = PBXFileReference; lastKnownFileType = sourcecode.swift; path = ViewController.swift; sourceTree = "<group>"; };
		2ACC7192285E12CB00A69EFF /* Base */ = {isa = PBXFileReference; lastKnownFileType = file.storyboard; name = Base; path = Base.lproj/Main.storyboard; sourceTree = "<group>"; };
		2ACC7194285E12CE00A69EFF /* Assets.xcassets */ = {isa = PBXFileReference; lastKnownFileType = folder.assetcatalog; path = Assets.xcassets; sourceTree = "<group>"; };
		2ACC7197285E12CE00A69EFF /* Base */ = {isa = PBXFileReference; lastKnownFileType = file.storyboard; name = Base; path = Base.lproj/LaunchScreen.storyboard; sourceTree = "<group>"; };
		2ACC7199285E12CE00A69EFF /* Info.plist */ = {isa = PBXFileReference; lastKnownFileType = text.plist.xml; path = Info.plist; sourceTree = "<group>"; };
		2ACC71A3285E2E6100A69EFF /* EndPoint.swift */ = {isa = PBXFileReference; lastKnownFileType = sourcecode.swift; path = EndPoint.swift; sourceTree = "<group>"; };
		2AD8B8172860CCEE0053059F /* AddressesViewModel.swift */ = {isa = PBXFileReference; lastKnownFileType = sourcecode.swift; path = AddressesViewModel.swift; sourceTree = "<group>"; };
		3463EF5BD26E47935255B7E2 /* Pods-REST.debug.xcconfig */ = {isa = PBXFileReference; includeInIndex = 1; lastKnownFileType = text.xcconfig; name = "Pods-REST.debug.xcconfig"; path = "Target Support Files/Pods-REST/Pods-REST.debug.xcconfig"; sourceTree = "<group>"; };
		F5012BE2A5D6F43DC61C4C58 /* Pods_REST.framework */ = {isa = PBXFileReference; explicitFileType = wrapper.framework; includeInIndex = 0; path = Pods_REST.framework; sourceTree = BUILT_PRODUCTS_DIR; };
/* End PBXFileReference section */

/* Begin PBXFrameworksBuildPhase section */
		2ACC7185285E12CA00A69EFF /* Frameworks */ = {
			isa = PBXFrameworksBuildPhase;
			buildActionMask = 2147483647;
			files = (
				8D2422614675854C6D3A542C /* Pods_REST.framework in Frameworks */,
			);
			runOnlyForDeploymentPostprocessing = 0;
		};
/* End PBXFrameworksBuildPhase section */

/* Begin PBXGroup section */
		2A5790A9285F970300BF69DC /* Model */ = {
			isa = PBXGroup;
			children = (
				2A5790AA285F972800BF69DC /* Environment.swift */,
				2A5790AF285F9DC800BF69DC /* NetworkResponse.swift */,
				2A5790B1285F9F3E00BF69DC /* AddressesResponse.swift */,
			);
			path = Model;
			sourceTree = "<group>";
		};
		2A5790AC285F98CD00BF69DC /* Services */ = {
			isa = PBXGroup;
			children = (
				2A5790AD285F990300BF69DC /* Services.swift */,
			);
			path = Services;
			sourceTree = "<group>";
		};
		2ACC717F285E12CA00A69EFF = {
			isa = PBXGroup;
			children = (
				2ACC718A285E12CA00A69EFF /* REST */,
				2ACC7189285E12CA00A69EFF /* Products */,
				B2818F34C029809473E44C2C /* Pods */,
				87B532ED8A32AFCE93F4326F /* Frameworks */,
			);
			sourceTree = "<group>";
		};
		2ACC7189285E12CA00A69EFF /* Products */ = {
			isa = PBXGroup;
			children = (
				2ACC7188285E12CA00A69EFF /* REST.app */,
			);
			name = Products;
			sourceTree = "<group>";
		};
		2ACC718A285E12CA00A69EFF /* REST */ = {
			isa = PBXGroup;
			children = (
				2AD8B8162860CB9C0053059F /* ViewModel */,
				2ACC71A0285E138200A69EFF /* App */,
				2A5790AC285F98CD00BF69DC /* Services */,
				2A5790A9285F970300BF69DC /* Model */,
				2ACC71A1285E138F00A69EFF /* ViewController */,
				2ACC719F285E136800A69EFF /* Storyboard */,
				2ACC71A2285E2E3700A69EFF /* Networking */,
				2ACC7194285E12CE00A69EFF /* Assets.xcassets */,
				2ACC7199285E12CE00A69EFF /* Info.plist */,
			);
			path = REST;
			sourceTree = "<group>";
		};
		2ACC719F285E136800A69EFF /* Storyboard */ = {
			isa = PBXGroup;
			children = (
				2ACC7191285E12CB00A69EFF /* Main.storyboard */,
				2ACC7196285E12CE00A69EFF /* LaunchScreen.storyboard */,
			);
			path = Storyboard;
			sourceTree = "<group>";
		};
		2ACC71A0285E138200A69EFF /* App */ = {
			isa = PBXGroup;
			children = (
				2ACC718B285E12CA00A69EFF /* AppDelegate.swift */,
				2ACC718D285E12CA00A69EFF /* SceneDelegate.swift */,
			);
			path = App;
			sourceTree = "<group>";
		};
		2ACC71A1285E138F00A69EFF /* ViewController */ = {
			isa = PBXGroup;
			children = (
				2ACC718F285E12CB00A69EFF /* ViewController.swift */,
			);
			path = ViewController;
			sourceTree = "<group>";
		};
		2ACC71A2285E2E3700A69EFF /* Networking */ = {
			isa = PBXGroup;
			children = (
				2ACC71A3285E2E6100A69EFF /* EndPoint.swift */,
				2A5790A7285F8F5600BF69DC /* APIClient.swift */,
			);
			path = Networking;
			sourceTree = "<group>";
		};
		2AD8B8162860CB9C0053059F /* ViewModel */ = {
			isa = PBXGroup;
			children = (
				2AD8B8172860CCEE0053059F /* AddressesViewModel.swift */,
			);
			path = ViewModel;
			sourceTree = "<group>";
		};
		87B532ED8A32AFCE93F4326F /* Frameworks */ = {
			isa = PBXGroup;
			children = (
				F5012BE2A5D6F43DC61C4C58 /* Pods_REST.framework */,
			);
			name = Frameworks;
			sourceTree = "<group>";
		};
		B2818F34C029809473E44C2C /* Pods */ = {
			isa = PBXGroup;
			children = (
				3463EF5BD26E47935255B7E2 /* Pods-REST.debug.xcconfig */,
				05BC1DCD246AAE441046E028 /* Pods-REST.release.xcconfig */,
			);
			path = Pods;
			sourceTree = "<group>";
		};
/* End PBXGroup section */

/* Begin PBXNativeTarget section */
		2ACC7187285E12CA00A69EFF /* REST */ = {
			isa = PBXNativeTarget;
			buildConfigurationList = 2ACC719C285E12CE00A69EFF /* Build configuration list for PBXNativeTarget "REST" */;
			buildPhases = (
				4797E83FBAFE44F4D13CBDF8 /* [CP] Check Pods Manifest.lock */,
				2ACC7184285E12CA00A69EFF /* Sources */,
				2ACC7185285E12CA00A69EFF /* Frameworks */,
				2ACC7186285E12CA00A69EFF /* Resources */,
				38C3CC0C4F4F4051C6B08713 /* [CP] Embed Pods Frameworks */,
			);
			buildRules = (
			);
			dependencies = (
			);
			name = REST;
			productName = REST;
			productReference = 2ACC7188285E12CA00A69EFF /* REST.app */;
			productType = "com.apple.product-type.application";
		};
/* End PBXNativeTarget section */

/* Begin PBXProject section */
		2ACC7180285E12CA00A69EFF /* Project object */ = {
			isa = PBXProject;
			attributes = {
				BuildIndependentTargetsInParallel = 1;
				LastSwiftUpdateCheck = 1310;
				LastUpgradeCheck = 1310;
				TargetAttributes = {
					2ACC7187285E12CA00A69EFF = {
						CreatedOnToolsVersion = 13.1;
					};
				};
			};
			buildConfigurationList = 2ACC7183285E12CA00A69EFF /* Build configuration list for PBXProject "REST" */;
			compatibilityVersion = "Xcode 13.0";
			developmentRegion = en;
			hasScannedForEncodings = 0;
			knownRegions = (
				en,
				Base,
			);
			mainGroup = 2ACC717F285E12CA00A69EFF;
			productRefGroup = 2ACC7189285E12CA00A69EFF /* Products */;
			projectDirPath = "";
			projectRoot = "";
			targets = (
				2ACC7187285E12CA00A69EFF /* REST */,
			);
		};
/* End PBXProject section */

/* Begin PBXResourcesBuildPhase section */
		2ACC7186285E12CA00A69EFF /* Resources */ = {
			isa = PBXResourcesBuildPhase;
			buildActionMask = 2147483647;
			files = (
				2ACC7198285E12CE00A69EFF /* LaunchScreen.storyboard in Resources */,
				2ACC7195285E12CE00A69EFF /* Assets.xcassets in Resources */,
				2ACC7193285E12CB00A69EFF /* Main.storyboard in Resources */,
			);
			runOnlyForDeploymentPostprocessing = 0;
		};
/* End PBXResourcesBuildPhase section */

/* Begin PBXShellScriptBuildPhase section */
		38C3CC0C4F4F4051C6B08713 /* [CP] Embed Pods Frameworks */ = {
			isa = PBXShellScriptBuildPhase;
			buildActionMask = 2147483647;
			files = (
			);
			inputFileListPaths = (
				"${PODS_ROOT}/Target Support Files/Pods-REST/Pods-REST-frameworks-${CONFIGURATION}-input-files.xcfilelist",
			);
			name = "[CP] Embed Pods Frameworks";
			outputFileListPaths = (
				"${PODS_ROOT}/Target Support Files/Pods-REST/Pods-REST-frameworks-${CONFIGURATION}-output-files.xcfilelist",
			);
			runOnlyForDeploymentPostprocessing = 0;
			shellPath = /bin/sh;
			shellScript = "\"${PODS_ROOT}/Target Support Files/Pods-REST/Pods-REST-frameworks.sh\"\n";
			showEnvVarsInLog = 0;
		};
		4797E83FBAFE44F4D13CBDF8 /* [CP] Check Pods Manifest.lock */ = {
			isa = PBXShellScriptBuildPhase;
			buildActionMask = 2147483647;
			files = (
			);
			inputFileListPaths = (
			);
			inputPaths = (
				"${PODS_PODFILE_DIR_PATH}/Podfile.lock",
				"${PODS_ROOT}/Manifest.lock",
			);
			name = "[CP] Check Pods Manifest.lock";
			outputFileListPaths = (
			);
			outputPaths = (
				"$(DERIVED_FILE_DIR)/Pods-REST-checkManifestLockResult.txt",
			);
			runOnlyForDeploymentPostprocessing = 0;
			shellPath = /bin/sh;
			shellScript = "diff \"${PODS_PODFILE_DIR_PATH}/Podfile.lock\" \"${PODS_ROOT}/Manifest.lock\" > /dev/null\nif [ $? != 0 ] ; then\n    # print error to STDERR\n    echo \"error: The sandbox is not in sync with the Podfile.lock. Run 'pod install' or update your CocoaPods installation.\" >&2\n    exit 1\nfi\n# This output is used by Xcode 'outputs' to avoid re-running this script phase.\necho \"SUCCESS\" > \"${SCRIPT_OUTPUT_FILE_0}\"\n";
			showEnvVarsInLog = 0;
		};
/* End PBXShellScriptBuildPhase section */

/* Begin PBXSourcesBuildPhase section */
		2ACC7184285E12CA00A69EFF /* Sources */ = {
			isa = PBXSourcesBuildPhase;
			buildActionMask = 2147483647;
			files = (
				2A5790B2285F9F3E00BF69DC /* AddressesResponse.swift in Sources */,
				2ACC7190285E12CB00A69EFF /* ViewController.swift in Sources */,
				2A5790B0285F9DC800BF69DC /* NetworkResponse.swift in Sources */,
				2AD8B8182860CCEE0053059F /* AddressesViewModel.swift in Sources */,
				2A5790AB285F972800BF69DC /* Environment.swift in Sources */,
				2ACC718C285E12CA00A69EFF /* AppDelegate.swift in Sources */,
				2A5790AE285F990300BF69DC /* Services.swift in Sources */,
				2ACC71A4285E2E6100A69EFF /* EndPoint.swift in Sources */,
				2A5790A8285F8F5600BF69DC /* APIClient.swift in Sources */,
				2ACC718E285E12CA00A69EFF /* SceneDelegate.swift in Sources */,
			);
			runOnlyForDeploymentPostprocessing = 0;
		};
/* End PBXSourcesBuildPhase section */

/* Begin PBXVariantGroup section */
		2ACC7191285E12CB00A69EFF /* Main.storyboard */ = {
			isa = PBXVariantGroup;
			children = (
				2ACC7192285E12CB00A69EFF /* Base */,
			);
			name = Main.storyboard;
			sourceTree = "<group>";
		};
		2ACC7196285E12CE00A69EFF /* LaunchScreen.storyboard */ = {
			isa = PBXVariantGroup;
			children = (
				2ACC7197285E12CE00A69EFF /* Base */,
			);
			name = LaunchScreen.storyboard;
			sourceTree = "<group>";
		};
/* End PBXVariantGroup section */

/* Begin XCBuildConfiguration section */
		2ACC719A285E12CE00A69EFF /* Debug */ = {
			isa = XCBuildConfiguration;
			buildSettings = {
				ALWAYS_SEARCH_USER_PATHS = NO;
				CLANG_ANALYZER_NONNULL = YES;
				CLANG_ANALYZER_NUMBER_OBJECT_CONVERSION = YES_AGGRESSIVE;
				CLANG_CXX_LANGUAGE_STANDARD = "gnu++17";
				CLANG_CXX_LIBRARY = "libc++";
				CLANG_ENABLE_MODULES = YES;
				CLANG_ENABLE_OBJC_ARC = YES;
				CLANG_ENABLE_OBJC_WEAK = YES;
				CLANG_WARN_BLOCK_CAPTURE_AUTORELEASING = YES;
				CLANG_WARN_BOOL_CONVERSION = YES;
				CLANG_WARN_COMMA = YES;
				CLANG_WARN_CONSTANT_CONVERSION = YES;
				CLANG_WARN_DEPRECATED_OBJC_IMPLEMENTATIONS = YES;
				CLANG_WARN_DIRECT_OBJC_ISA_USAGE = YES_ERROR;
				CLANG_WARN_DOCUMENTATION_COMMENTS = YES;
				CLANG_WARN_EMPTY_BODY = YES;
				CLANG_WARN_ENUM_CONVERSION = YES;
				CLANG_WARN_INFINITE_RECURSION = YES;
				CLANG_WARN_INT_CONVERSION = YES;
				CLANG_WARN_NON_LITERAL_NULL_CONVERSION = YES;
				CLANG_WARN_OBJC_IMPLICIT_RETAIN_SELF = YES;
				CLANG_WARN_OBJC_LITERAL_CONVERSION = YES;
				CLANG_WARN_OBJC_ROOT_CLASS = YES_ERROR;
				CLANG_WARN_QUOTED_INCLUDE_IN_FRAMEWORK_HEADER = YES;
				CLANG_WARN_RANGE_LOOP_ANALYSIS = YES;
				CLANG_WARN_STRICT_PROTOTYPES = YES;
				CLANG_WARN_SUSPICIOUS_MOVE = YES;
				CLANG_WARN_UNGUARDED_AVAILABILITY = YES_AGGRESSIVE;
				CLANG_WARN_UNREACHABLE_CODE = YES;
				CLANG_WARN__DUPLICATE_METHOD_MATCH = YES;
				COPY_PHASE_STRIP = NO;
				DEBUG_INFORMATION_FORMAT = dwarf;
				ENABLE_STRICT_OBJC_MSGSEND = YES;
				ENABLE_TESTABILITY = YES;
				GCC_C_LANGUAGE_STANDARD = gnu11;
				GCC_DYNAMIC_NO_PIC = NO;
				GCC_NO_COMMON_BLOCKS = YES;
				GCC_OPTIMIZATION_LEVEL = 0;
				GCC_PREPROCESSOR_DEFINITIONS = (
					"DEBUG=1",
					"$(inherited)",
				);
				GCC_WARN_64_TO_32_BIT_CONVERSION = YES;
				GCC_WARN_ABOUT_RETURN_TYPE = YES_ERROR;
				GCC_WARN_UNDECLARED_SELECTOR = YES;
				GCC_WARN_UNINITIALIZED_AUTOS = YES_AGGRESSIVE;
				GCC_WARN_UNUSED_FUNCTION = YES;
				GCC_WARN_UNUSED_VARIABLE = YES;
				IPHONEOS_DEPLOYMENT_TARGET = 15.0;
				MTL_ENABLE_DEBUG_INFO = INCLUDE_SOURCE;
				MTL_FAST_MATH = YES;
				ONLY_ACTIVE_ARCH = YES;
				SDKROOT = iphoneos;
				SWIFT_ACTIVE_COMPILATION_CONDITIONS = DEBUG;
				SWIFT_OPTIMIZATION_LEVEL = "-Onone";
			};
			name = Debug;
		};
		2ACC719B285E12CE00A69EFF /* Release */ = {
			isa = XCBuildConfiguration;
			buildSettings = {
				ALWAYS_SEARCH_USER_PATHS = NO;
				CLANG_ANALYZER_NONNULL = YES;
				CLANG_ANALYZER_NUMBER_OBJECT_CONVERSION = YES_AGGRESSIVE;
				CLANG_CXX_LANGUAGE_STANDARD = "gnu++17";
				CLANG_CXX_LIBRARY = "libc++";
				CLANG_ENABLE_MODULES = YES;
				CLANG_ENABLE_OBJC_ARC = YES;
				CLANG_ENABLE_OBJC_WEAK = YES;
				CLANG_WARN_BLOCK_CAPTURE_AUTORELEASING = YES;
				CLANG_WARN_BOOL_CONVERSION = YES;
				CLANG_WARN_COMMA = YES;
				CLANG_WARN_CONSTANT_CONVERSION = YES;
				CLANG_WARN_DEPRECATED_OBJC_IMPLEMENTATIONS = YES;
				CLANG_WARN_DIRECT_OBJC_ISA_USAGE = YES_ERROR;
				CLANG_WARN_DOCUMENTATION_COMMENTS = YES;
				CLANG_WARN_EMPTY_BODY = YES;
				CLANG_WARN_ENUM_CONVERSION = YES;
				CLANG_WARN_INFINITE_RECURSION = YES;
				CLANG_WARN_INT_CONVERSION = YES;
				CLANG_WARN_NON_LITERAL_NULL_CONVERSION = YES;
				CLANG_WARN_OBJC_IMPLICIT_RETAIN_SELF = YES;
				CLANG_WARN_OBJC_LITERAL_CONVERSION = YES;
				CLANG_WARN_OBJC_ROOT_CLASS = YES_ERROR;
				CLANG_WARN_QUOTED_INCLUDE_IN_FRAMEWORK_HEADER = YES;
				CLANG_WARN_RANGE_LOOP_ANALYSIS = YES;
				CLANG_WARN_STRICT_PROTOTYPES = YES;
				CLANG_WARN_SUSPICIOUS_MOVE = YES;
				CLANG_WARN_UNGUARDED_AVAILABILITY = YES_AGGRESSIVE;
				CLANG_WARN_UNREACHABLE_CODE = YES;
				CLANG_WARN__DUPLICATE_METHOD_MATCH = YES;
				COPY_PHASE_STRIP = NO;
				DEBUG_INFORMATION_FORMAT = "dwarf-with-dsym";
				ENABLE_NS_ASSERTIONS = NO;
				ENABLE_STRICT_OBJC_MSGSEND = YES;
				GCC_C_LANGUAGE_STANDARD = gnu11;
				GCC_NO_COMMON_BLOCKS = YES;
				GCC_WARN_64_TO_32_BIT_CONVERSION = YES;
				GCC_WARN_ABOUT_RETURN_TYPE = YES_ERROR;
				GCC_WARN_UNDECLARED_SELECTOR = YES;
				GCC_WARN_UNINITIALIZED_AUTOS = YES_AGGRESSIVE;
				GCC_WARN_UNUSED_FUNCTION = YES;
				GCC_WARN_UNUSED_VARIABLE = YES;
				IPHONEOS_DEPLOYMENT_TARGET = 15.0;
				MTL_ENABLE_DEBUG_INFO = NO;
				MTL_FAST_MATH = YES;
				SDKROOT = iphoneos;
				SWIFT_COMPILATION_MODE = wholemodule;
				SWIFT_OPTIMIZATION_LEVEL = "-O";
				VALIDATE_PRODUCT = YES;
			};
			name = Release;
		};
		2ACC719D285E12CE00A69EFF /* Debug */ = {
			isa = XCBuildConfiguration;
			baseConfigurationReference = 3463EF5BD26E47935255B7E2 /* Pods-REST.debug.xcconfig */;
			buildSettings = {
				ASSETCATALOG_COMPILER_APPICON_NAME = AppIcon;
				ASSETCATALOG_COMPILER_GLOBAL_ACCENT_COLOR_NAME = AccentColor;
				CODE_SIGN_STYLE = Automatic;
				CURRENT_PROJECT_VERSION = 1;
				GENERATE_INFOPLIST_FILE = YES;
				INFOPLIST_FILE = REST/Info.plist;
				INFOPLIST_KEY_UIApplicationSupportsIndirectInputEvents = YES;
				INFOPLIST_KEY_UILaunchStoryboardName = LaunchScreen;
				INFOPLIST_KEY_UIMainStoryboardFile = Main;
				INFOPLIST_KEY_UISupportedInterfaceOrientations = UIInterfaceOrientationPortrait;
				INFOPLIST_KEY_UISupportedInterfaceOrientations_iPad = "UIInterfaceOrientationPortrait UIInterfaceOrientationPortraitUpsideDown UIInterfaceOrientationLandscapeLeft UIInterfaceOrientationLandscapeRight";
				INFOPLIST_KEY_UISupportedInterfaceOrientations_iPhone = "UIInterfaceOrientationPortrait UIInterfaceOrientationLandscapeLeft UIInterfaceOrientationLandscapeRight";
				LD_RUNPATH_SEARCH_PATHS = (
					"$(inherited)",
					"@executable_path/Frameworks",
				);
				MARKETING_VERSION = 1.0;
				PRODUCT_BUNDLE_IDENTIFIER = com.ict.manna.REST;
				PRODUCT_NAME = "$(TARGET_NAME)";
				SWIFT_EMIT_LOC_STRINGS = YES;
				SWIFT_VERSION = 5.0;
				TARGETED_DEVICE_FAMILY = "1,2";
			};
			name = Debug;
		};
		2ACC719E285E12CE00A69EFF /* Release */ = {
			isa = XCBuildConfiguration;
			baseConfigurationReference = 05BC1DCD246AAE441046E028 /* Pods-REST.release.xcconfig */;
			buildSettings = {
				ASSETCATALOG_COMPILER_APPICON_NAME = AppIcon;
				ASSETCATALOG_COMPILER_GLOBAL_ACCENT_COLOR_NAME = AccentColor;
				CODE_SIGN_STYLE = Automatic;
				CURRENT_PROJECT_VERSION = 1;
				GENERATE_INFOPLIST_FILE = YES;
				INFOPLIST_FILE = REST/Info.plist;
				INFOPLIST_KEY_UIApplicationSupportsIndirectInputEvents = YES;
				INFOPLIST_KEY_UILaunchStoryboardName = LaunchScreen;
				INFOPLIST_KEY_UIMainStoryboardFile = Main;
				INFOPLIST_KEY_UISupportedInterfaceOrientations = UIInterfaceOrientationPortrait;
				INFOPLIST_KEY_UISupportedInterfaceOrientations_iPad = "UIInterfaceOrientationPortrait UIInterfaceOrientationPortraitUpsideDown UIInterfaceOrientationLandscapeLeft UIInterfaceOrientationLandscapeRight";
				INFOPLIST_KEY_UISupportedInterfaceOrientations_iPhone = "UIInterfaceOrientationPortrait UIInterfaceOrientationLandscapeLeft UIInterfaceOrientationLandscapeRight";
				LD_RUNPATH_SEARCH_PATHS = (
					"$(inherited)",
					"@executable_path/Frameworks",
				);
				MARKETING_VERSION = 1.0;
				PRODUCT_BUNDLE_IDENTIFIER = com.ict.manna.REST;
				PRODUCT_NAME = "$(TARGET_NAME)";
				SWIFT_EMIT_LOC_STRINGS = YES;
				SWIFT_VERSION = 5.0;
				TARGETED_DEVICE_FAMILY = "1,2";
			};
			name = Release;
		};
/* End XCBuildConfiguration section */

/* Begin XCConfigurationList section */
		2ACC7183285E12CA00A69EFF /* Build configuration list for PBXProject "REST" */ = {
			isa = XCConfigurationList;
			buildConfigurations = (
				2ACC719A285E12CE00A69EFF /* Debug */,
				2ACC719B285E12CE00A69EFF /* Release */,
			);
			defaultConfigurationIsVisible = 0;
			defaultConfigurationName = Release;
		};
		2ACC719C285E12CE00A69EFF /* Build configuration list for PBXNativeTarget "REST" */ = {
			isa = XCConfigurationList;
			buildConfigurations = (
				2ACC719D285E12CE00A69EFF /* Debug */,
				2ACC719E285E12CE00A69EFF /* Release */,
			);
			defaultConfigurationIsVisible = 0;
			defaultConfigurationName = Release;
		};
/* End XCConfigurationList section */
	};
	rootObject = 2ACC7180285E12CA00A69EFF /* Project object */;
}
